
Microsoft Visual Studio Solution File, Format Version 12.00
# Visual Studio Version 17
VisualStudioVersion = 17.9.34622.214
MinimumVisualStudioVersion = 10.0.40219.1
Project("{FAE04EC0-301F-11D3-BF4B-00C04F79EFBC}") = "Tarea5", "Tarea5\Tarea5.csproj", "{5AEA56C8-4BD1-435F-972D-5FA0982277F2}"
EndProject
Global
	GlobalSection(SolutionConfigurationPlatforms) = preSolution
		Debug|Any CPU = Debug|Any CPU
		Release|Any CPU = Release|Any CPU
	EndGlobalSection
	GlobalSection(ProjectConfigurationPlatforms) = postSolution
		{5AEA56C8-4BD1-435F-972D-5FA0982277F2}.Debug|Any CPU.ActiveCfg = Debug|Any CPU
		{5AEA56C8-4BD1-435F-972D-5FA0982277F2}.Debug|Any CPU.Build.0 = Debug|Any CPU
		{5AEA56C8-4BD1-435F-972D-5FA0982277F2}.Release|Any CPU.ActiveCfg = Release|Any CPU
		{5AEA56C8-4BD1-435F-972D-5FA0982277F2}.Release|Any CPU.Build.0 = Release|Any CPU
	EndGlobalSection
	GlobalSection(SolutionProperties) = preSolution
		HideSolutionNode = FALSE
	EndGlobalSection
	GlobalSection(ExtensibilityGlobals) = postSolution
		SolutionGuid = {ADD076C5-EBE2-4FF7-9303-075F16785CD4}
	EndGlobalSection
EndGlobal
